// !$*UTF8*$!
{
	archiveVersion = 1;
	classes = {
	};
	objectVersion = 52;
	objects = {

/* Begin PBXBuildFile section */
		217AC39F268DA95900A19F7D /* View+Utils.swift in Sources */ = {isa = PBXBuildFile; fileRef = 217AC39E268DA95900A19F7D /* View+Utils.swift */; };
		217AC3A1268DB12900A19F7D /* ListItemsStore.swift in Sources */ = {isa = PBXBuildFile; fileRef = 217AC3A0268DB12900A19F7D /* ListItemsStore.swift */; };
		21CB3DF8268CB27700CA1F1B /* Trail_BuddyApp.swift in Sources */ = {isa = PBXBuildFile; fileRef = 21CB3DF7268CB27700CA1F1B /* Trail_BuddyApp.swift */; };
		21CB3DFA268CB27700CA1F1B /* MainView.swift in Sources */ = {isa = PBXBuildFile; fileRef = 21CB3DF9268CB27700CA1F1B /* MainView.swift */; };
		21CB3DFC268CB27900CA1F1B /* Assets.xcassets in Resources */ = {isa = PBXBuildFile; fileRef = 21CB3DFB268CB27900CA1F1B /* Assets.xcassets */; };
		21CB3DFF268CB27900CA1F1B /* Preview Assets.xcassets in Resources */ = {isa = PBXBuildFile; fileRef = 21CB3DFE268CB27900CA1F1B /* Preview Assets.xcassets */; };
		21CB3E07268CB62500CA1F1B /* MapView.swift in Sources */ = {isa = PBXBuildFile; fileRef = 21CB3E06268CB62500CA1F1B /* MapView.swift */; };
		21CB3E09268CB65400CA1F1B /* ListView.swift in Sources */ = {isa = PBXBuildFile; fileRef = 21CB3E08268CB65400CA1F1B /* ListView.swift */; };
		21CB3E0C268CB6AC00CA1F1B /* Localizable.strings in Resources */ = {isa = PBXBuildFile; fileRef = 21CB3E0E268CB6AC00CA1F1B /* Localizable.strings */; };
		21EC26F5268CB8920025611A /* SettingsView.swift in Sources */ = {isa = PBXBuildFile; fileRef = 21EC26F4268CB8920025611A /* SettingsView.swift */; };
		21EC26F8268CBF3B0025611A /* Realm in Frameworks */ = {isa = PBXBuildFile; productRef = 21EC26F7268CBF3B0025611A /* Realm */; };
		21EC26FA268CBF3B0025611A /* RealmSwift in Frameworks */ = {isa = PBXBuildFile; productRef = 21EC26F9268CBF3B0025611A /* RealmSwift */; };
		21EC26FD268CBF740025611A /* Sentry in Frameworks */ = {isa = PBXBuildFile; productRef = 21EC26FC268CBF740025611A /* Sentry */; };
		21EC2700268CC2740025611A /* ListItem.swift in Sources */ = {isa = PBXBuildFile; fileRef = 21EC26FF268CC2740025611A /* ListItem.swift */; };
		21EC2702268CC2DE0025611A /* Entity.swift in Sources */ = {isa = PBXBuildFile; fileRef = 21EC2701268CC2DE0025611A /* Entity.swift */; };
		21EC2705268CC3250025611A /* Realm+Utils.swift in Sources */ = {isa = PBXBuildFile; fileRef = 21EC2704268CC3250025611A /* Realm+Utils.swift */; };
		21EC2708268CC3410025611A /* DatabaseManager.swift in Sources */ = {isa = PBXBuildFile; fileRef = 21EC2707268CC3410025611A /* DatabaseManager.swift */; };
		21EC270D268CC3B60025611A /* LoggingProxy.swift in Sources */ = {isa = PBXBuildFile; fileRef = 21EC270A268CC3B60025611A /* LoggingProxy.swift */; };
		21EC270E268CC3B60025611A /* EmojiModifier.swift in Sources */ = {isa = PBXBuildFile; fileRef = 21EC270B268CC3B60025611A /* EmojiModifier.swift */; };
		21EC270F268CC3B60025611A /* LoggingConfiguration.swift in Sources */ = {isa = PBXBuildFile; fileRef = 21EC270C268CC3B60025611A /* LoggingConfiguration.swift */; };
		21EC2712268CC6370025611A /* Willow in Frameworks */ = {isa = PBXBuildFile; productRef = 21EC2711268CC6370025611A /* Willow */; };
		21EC2714268CC97D0025611A /* ListItemRow.swift in Sources */ = {isa = PBXBuildFile; fileRef = 21EC2713268CC97D0025611A /* ListItemRow.swift */; };
/* End PBXBuildFile section */

/* Begin PBXFileReference section */
		217AC39E268DA95900A19F7D /* View+Utils.swift */ = {isa = PBXFileReference; lastKnownFileType = sourcecode.swift; path = "View+Utils.swift"; sourceTree = "<group>"; };
		217AC3A0268DB12900A19F7D /* ListItemsStore.swift */ = {isa = PBXFileReference; lastKnownFileType = sourcecode.swift; path = ListItemsStore.swift; sourceTree = "<group>"; };
		21CB3DF4268CB27700CA1F1B /* Trail Buddy.app */ = {isa = PBXFileReference; explicitFileType = wrapper.application; includeInIndex = 0; path = "Trail Buddy.app"; sourceTree = BUILT_PRODUCTS_DIR; };
		21CB3DF7268CB27700CA1F1B /* Trail_BuddyApp.swift */ = {isa = PBXFileReference; lastKnownFileType = sourcecode.swift; path = Trail_BuddyApp.swift; sourceTree = "<group>"; };
		21CB3DF9268CB27700CA1F1B /* MainView.swift */ = {isa = PBXFileReference; lastKnownFileType = sourcecode.swift; path = MainView.swift; sourceTree = "<group>"; };
		21CB3DFB268CB27900CA1F1B /* Assets.xcassets */ = {isa = PBXFileReference; lastKnownFileType = folder.assetcatalog; path = Assets.xcassets; sourceTree = "<group>"; };
		21CB3DFE268CB27900CA1F1B /* Preview Assets.xcassets */ = {isa = PBXFileReference; lastKnownFileType = folder.assetcatalog; path = "Preview Assets.xcassets"; sourceTree = "<group>"; };
		21CB3E00268CB27900CA1F1B /* Info.plist */ = {isa = PBXFileReference; lastKnownFileType = text.plist.xml; path = Info.plist; sourceTree = "<group>"; };
		21CB3E06268CB62500CA1F1B /* MapView.swift */ = {isa = PBXFileReference; lastKnownFileType = sourcecode.swift; path = MapView.swift; sourceTree = "<group>"; };
		21CB3E08268CB65400CA1F1B /* ListView.swift */ = {isa = PBXFileReference; lastKnownFileType = sourcecode.swift; path = ListView.swift; sourceTree = "<group>"; };
		21EC26F3268CB7C70025611A /* fr */ = {isa = PBXFileReference; lastKnownFileType = text.plist.strings; name = fr; path = fr.lproj/Localizable.strings; sourceTree = "<group>"; };
		21EC26F4268CB8920025611A /* SettingsView.swift */ = {isa = PBXFileReference; lastKnownFileType = sourcecode.swift; path = SettingsView.swift; sourceTree = "<group>"; };
		21EC26FF268CC2740025611A /* ListItem.swift */ = {isa = PBXFileReference; lastKnownFileType = sourcecode.swift; path = ListItem.swift; sourceTree = "<group>"; };
		21EC2701268CC2DE0025611A /* Entity.swift */ = {isa = PBXFileReference; lastKnownFileType = sourcecode.swift; path = Entity.swift; sourceTree = "<group>"; };
		21EC2704268CC3250025611A /* Realm+Utils.swift */ = {isa = PBXFileReference; lastKnownFileType = sourcecode.swift; path = "Realm+Utils.swift"; sourceTree = "<group>"; };
		21EC2707268CC3410025611A /* DatabaseManager.swift */ = {isa = PBXFileReference; lastKnownFileType = sourcecode.swift; path = DatabaseManager.swift; sourceTree = "<group>"; };
		21EC270A268CC3B60025611A /* LoggingProxy.swift */ = {isa = PBXFileReference; fileEncoding = 4; lastKnownFileType = sourcecode.swift; path = LoggingProxy.swift; sourceTree = "<group>"; };
		21EC270B268CC3B60025611A /* EmojiModifier.swift */ = {isa = PBXFileReference; fileEncoding = 4; lastKnownFileType = sourcecode.swift; path = EmojiModifier.swift; sourceTree = "<group>"; };
		21EC270C268CC3B60025611A /* LoggingConfiguration.swift */ = {isa = PBXFileReference; fileEncoding = 4; lastKnownFileType = sourcecode.swift; path = LoggingConfiguration.swift; sourceTree = "<group>"; };
		21EC2713268CC97D0025611A /* ListItemRow.swift */ = {isa = PBXFileReference; lastKnownFileType = sourcecode.swift; path = ListItemRow.swift; sourceTree = "<group>"; };
/* End PBXFileReference section */

/* Begin PBXFrameworksBuildPhase section */
		21CB3DF1268CB27700CA1F1B /* Frameworks */ = {
			isa = PBXFrameworksBuildPhase;
			buildActionMask = 2147483647;
			files = (
				21EC2712268CC6370025611A /* Willow in Frameworks */,
				21EC26FA268CBF3B0025611A /* RealmSwift in Frameworks */,
				21EC26F8268CBF3B0025611A /* Realm in Frameworks */,
				21EC26FD268CBF740025611A /* Sentry in Frameworks */,
			);
			runOnlyForDeploymentPostprocessing = 0;
		};
/* End PBXFrameworksBuildPhase section */

/* Begin PBXGroup section */
		21CB3DEB268CB27700CA1F1B = {
			isa = PBXGroup;
			children = (
				21CB3DF6268CB27700CA1F1B /* Trail Buddy */,
				21CB3DF5268CB27700CA1F1B /* Products */,
			);
			sourceTree = "<group>";
		};
		21CB3DF5268CB27700CA1F1B /* Products */ = {
			isa = PBXGroup;
			children = (
				21CB3DF4268CB27700CA1F1B /* Trail Buddy.app */,
			);
			name = Products;
			sourceTree = "<group>";
		};
		21CB3DF6268CB27700CA1F1B /* Trail Buddy */ = {
			isa = PBXGroup;
			children = (
				21CB3DFB268CB27900CA1F1B /* Assets.xcassets */,
				21EC26FE268CC2660025611A /* Entities */,
				21CB3E00268CB27900CA1F1B /* Info.plist */,
				21CB3E0E268CB6AC00CA1F1B /* Localizable.strings */,
				21EC2706268CC3370025611A /* Managers */,
				21CB3DFD268CB27900CA1F1B /* Preview Content */,
				21CB3DF7268CB27700CA1F1B /* Trail_BuddyApp.swift */,
				21EC2703268CC31B0025611A /* Utils */,
				21CB3E0F268CB6BB00CA1F1B /* Views */,
			);
			path = "Trail Buddy";
			sourceTree = "<group>";
		};
		21CB3DFD268CB27900CA1F1B /* Preview Content */ = {
			isa = PBXGroup;
			children = (
				21CB3DFE268CB27900CA1F1B /* Preview Assets.xcassets */,
			);
			path = "Preview Content";
			sourceTree = "<group>";
		};
		21CB3E0F268CB6BB00CA1F1B /* Views */ = {
			isa = PBXGroup;
			children = (
				21CB3DF9268CB27700CA1F1B /* MainView.swift */,
				21CB3E06268CB62500CA1F1B /* MapView.swift */,
				21CB3E08268CB65400CA1F1B /* ListView.swift */,
				21EC26F4268CB8920025611A /* SettingsView.swift */,
				21EC2713268CC97D0025611A /* ListItemRow.swift */,
			);
			path = Views;
			sourceTree = "<group>";
		};
		21EC26FE268CC2660025611A /* Entities */ = {
			isa = PBXGroup;
			children = (
				21EC26FF268CC2740025611A /* ListItem.swift */,
				21EC2701268CC2DE0025611A /* Entity.swift */,
			);
			path = Entities;
			sourceTree = "<group>";
		};
		21EC2703268CC31B0025611A /* Utils */ = {
			isa = PBXGroup;
			children = (
				21EC2704268CC3250025611A /* Realm+Utils.swift */,
				21EC2709268CC3B60025611A /* Willow Logger */,
				217AC39E268DA95900A19F7D /* View+Utils.swift */,
			);
			path = Utils;
			sourceTree = "<group>";
		};
		21EC2706268CC3370025611A /* Managers */ = {
			isa = PBXGroup;
			children = (
				21EC2707268CC3410025611A /* DatabaseManager.swift */,
				217AC3A0268DB12900A19F7D /* ListItemsStore.swift */,
			);
			path = Managers;
			sourceTree = "<group>";
		};
		21EC2709268CC3B60025611A /* Willow Logger */ = {
			isa = PBXGroup;
			children = (
				21EC270A268CC3B60025611A /* LoggingProxy.swift */,
				21EC270B268CC3B60025611A /* EmojiModifier.swift */,
				21EC270C268CC3B60025611A /* LoggingConfiguration.swift */,
			);
			path = "Willow Logger";
			sourceTree = "<group>";
		};
/* End PBXGroup section */

/* Begin PBXNativeTarget section */
		21CB3DF3268CB27700CA1F1B /* Trail Buddy */ = {
			isa = PBXNativeTarget;
			buildConfigurationList = 21CB3E03268CB27900CA1F1B /* Build configuration list for PBXNativeTarget "Trail Buddy" */;
			buildPhases = (
				21CB3DF0268CB27700CA1F1B /* Sources */,
				21CB3DF1268CB27700CA1F1B /* Frameworks */,
				21CB3DF2268CB27700CA1F1B /* Resources */,
			);
			buildRules = (
			);
			dependencies = (
			);
			name = "Trail Buddy";
			packageProductDependencies = (
				21EC26F7268CBF3B0025611A /* Realm */,
				21EC26F9268CBF3B0025611A /* RealmSwift */,
				21EC26FC268CBF740025611A /* Sentry */,
				21EC2711268CC6370025611A /* Willow */,
			);
			productName = "Hiking Companion";
			productReference = 21CB3DF4268CB27700CA1F1B /* Trail Buddy.app */;
			productType = "com.apple.product-type.application";
		};
/* End PBXNativeTarget section */

/* Begin PBXProject section */
		21CB3DEC268CB27700CA1F1B /* Project object */ = {
			isa = PBXProject;
			attributes = {
				LastSwiftUpdateCheck = 1250;
				LastUpgradeCheck = 1250;
				TargetAttributes = {
					21CB3DF3268CB27700CA1F1B = {
						CreatedOnToolsVersion = 12.5.1;
					};
				};
			};
			buildConfigurationList = 21CB3DEF268CB27700CA1F1B /* Build configuration list for PBXProject "Trail Buddy" */;
			compatibilityVersion = "Xcode 9.3";
			developmentRegion = fr;
			hasScannedForEncodings = 0;
			knownRegions = (
				fr,
				Base,
			);
			mainGroup = 21CB3DEB268CB27700CA1F1B;
			packageReferences = (
				21EC26F6268CBF3B0025611A /* XCRemoteSwiftPackageReference "realm-cocoa" */,
				21EC26FB268CBF730025611A /* XCRemoteSwiftPackageReference "sentry-cocoa" */,
				21EC2710268CC6370025611A /* XCRemoteSwiftPackageReference "Willow" */,
			);
			productRefGroup = 21CB3DF5268CB27700CA1F1B /* Products */;
			projectDirPath = "";
			projectRoot = "";
			targets = (
				21CB3DF3268CB27700CA1F1B /* Trail Buddy */,
			);
		};
/* End PBXProject section */

/* Begin PBXResourcesBuildPhase section */
		21CB3DF2268CB27700CA1F1B /* Resources */ = {
			isa = PBXResourcesBuildPhase;
			buildActionMask = 2147483647;
			files = (
				21CB3DFF268CB27900CA1F1B /* Preview Assets.xcassets in Resources */,
				21CB3E0C268CB6AC00CA1F1B /* Localizable.strings in Resources */,
				21CB3DFC268CB27900CA1F1B /* Assets.xcassets in Resources */,
			);
			runOnlyForDeploymentPostprocessing = 0;
		};
/* End PBXResourcesBuildPhase section */

/* Begin PBXSourcesBuildPhase section */
		21CB3DF0268CB27700CA1F1B /* Sources */ = {
			isa = PBXSourcesBuildPhase;
			buildActionMask = 2147483647;
			files = (
				21EC270F268CC3B60025611A /* LoggingConfiguration.swift in Sources */,
				21EC2700268CC2740025611A /* ListItem.swift in Sources */,
				21EC2705268CC3250025611A /* Realm+Utils.swift in Sources */,
				21EC2714268CC97D0025611A /* ListItemRow.swift in Sources */,
				217AC39F268DA95900A19F7D /* View+Utils.swift in Sources */,
				21EC270D268CC3B60025611A /* LoggingProxy.swift in Sources */,
				21EC26F5268CB8920025611A /* SettingsView.swift in Sources */,
				217AC3A1268DB12900A19F7D /* ListItemsStore.swift in Sources */,
				21EC2702268CC2DE0025611A /* Entity.swift in Sources */,
				21EC270E268CC3B60025611A /* EmojiModifier.swift in Sources */,
				21CB3E09268CB65400CA1F1B /* ListView.swift in Sources */,
				21CB3DFA268CB27700CA1F1B /* MainView.swift in Sources */,
				21CB3DF8268CB27700CA1F1B /* Trail_BuddyApp.swift in Sources */,
				21CB3E07268CB62500CA1F1B /* MapView.swift in Sources */,
				21EC2708268CC3410025611A /* DatabaseManager.swift in Sources */,
			);
			runOnlyForDeploymentPostprocessing = 0;
		};
/* End PBXSourcesBuildPhase section */

/* Begin PBXVariantGroup section */
		21CB3E0E268CB6AC00CA1F1B /* Localizable.strings */ = {
			isa = PBXVariantGroup;
			children = (
				21EC26F3268CB7C70025611A /* fr */,
			);
			name = Localizable.strings;
			sourceTree = "<group>";
		};
/* End PBXVariantGroup section */

/* Begin XCBuildConfiguration section */
		21CB3E01268CB27900CA1F1B /* Debug */ = {
			isa = XCBuildConfiguration;
			buildSettings = {
				ALWAYS_SEARCH_USER_PATHS = NO;
				CLANG_ANALYZER_NONNULL = YES;
				CLANG_ANALYZER_NUMBER_OBJECT_CONVERSION = YES_AGGRESSIVE;
				CLANG_CXX_LANGUAGE_STANDARD = "gnu++14";
				CLANG_CXX_LIBRARY = "libc++";
				CLANG_ENABLE_MODULES = YES;
				CLANG_ENABLE_OBJC_ARC = YES;
				CLANG_ENABLE_OBJC_WEAK = YES;
				CLANG_WARN_BLOCK_CAPTURE_AUTORELEASING = YES;
				CLANG_WARN_BOOL_CONVERSION = YES;
				CLANG_WARN_COMMA = YES;
				CLANG_WARN_CONSTANT_CONVERSION = YES;
				CLANG_WARN_DEPRECATED_OBJC_IMPLEMENTATIONS = YES;
				CLANG_WARN_DIRECT_OBJC_ISA_USAGE = YES_ERROR;
				CLANG_WARN_DOCUMENTATION_COMMENTS = YES;
				CLANG_WARN_EMPTY_BODY = YES;
				CLANG_WARN_ENUM_CONVERSION = YES;
				CLANG_WARN_INFINITE_RECURSION = YES;
				CLANG_WARN_INT_CONVERSION = YES;
				CLANG_WARN_NON_LITERAL_NULL_CONVERSION = YES;
				CLANG_WARN_OBJC_IMPLICIT_RETAIN_SELF = YES;
				CLANG_WARN_OBJC_LITERAL_CONVERSION = YES;
				CLANG_WARN_OBJC_ROOT_CLASS = YES_ERROR;
				CLANG_WARN_QUOTED_INCLUDE_IN_FRAMEWORK_HEADER = YES;
				CLANG_WARN_RANGE_LOOP_ANALYSIS = YES;
				CLANG_WARN_STRICT_PROTOTYPES = YES;
				CLANG_WARN_SUSPICIOUS_MOVE = YES;
				CLANG_WARN_UNGUARDED_AVAILABILITY = YES_AGGRESSIVE;
				CLANG_WARN_UNREACHABLE_CODE = YES;
				CLANG_WARN__DUPLICATE_METHOD_MATCH = YES;
				COPY_PHASE_STRIP = NO;
				DEBUG_INFORMATION_FORMAT = dwarf;
				ENABLE_STRICT_OBJC_MSGSEND = YES;
				ENABLE_TESTABILITY = YES;
				GCC_C_LANGUAGE_STANDARD = gnu11;
				GCC_DYNAMIC_NO_PIC = NO;
				GCC_NO_COMMON_BLOCKS = YES;
				GCC_OPTIMIZATION_LEVEL = 0;
				GCC_PREPROCESSOR_DEFINITIONS = (
					"DEBUG=1",
					"$(inherited)",
				);
				GCC_WARN_64_TO_32_BIT_CONVERSION = YES;
				GCC_WARN_ABOUT_RETURN_TYPE = YES_ERROR;
				GCC_WARN_UNDECLARED_SELECTOR = YES;
				GCC_WARN_UNINITIALIZED_AUTOS = YES_AGGRESSIVE;
				GCC_WARN_UNUSED_FUNCTION = YES;
				GCC_WARN_UNUSED_VARIABLE = YES;
				IPHONEOS_DEPLOYMENT_TARGET = 14.5;
				MTL_ENABLE_DEBUG_INFO = INCLUDE_SOURCE;
				MTL_FAST_MATH = YES;
				ONLY_ACTIVE_ARCH = YES;
				SDKROOT = iphoneos;
				SWIFT_ACTIVE_COMPILATION_CONDITIONS = DEBUG;
				SWIFT_OPTIMIZATION_LEVEL = "-Onone";
			};
			name = Debug;
		};
		21CB3E02268CB27900CA1F1B /* Release */ = {
			isa = XCBuildConfiguration;
			buildSettings = {
				ALWAYS_SEARCH_USER_PATHS = NO;
				CLANG_ANALYZER_NONNULL = YES;
				CLANG_ANALYZER_NUMBER_OBJECT_CONVERSION = YES_AGGRESSIVE;
				CLANG_CXX_LANGUAGE_STANDARD = "gnu++14";
				CLANG_CXX_LIBRARY = "libc++";
				CLANG_ENABLE_MODULES = YES;
				CLANG_ENABLE_OBJC_ARC = YES;
				CLANG_ENABLE_OBJC_WEAK = YES;
				CLANG_WARN_BLOCK_CAPTURE_AUTORELEASING = YES;
				CLANG_WARN_BOOL_CONVERSION = YES;
				CLANG_WARN_COMMA = YES;
				CLANG_WARN_CONSTANT_CONVERSION = YES;
				CLANG_WARN_DEPRECATED_OBJC_IMPLEMENTATIONS = YES;
				CLANG_WARN_DIRECT_OBJC_ISA_USAGE = YES_ERROR;
				CLANG_WARN_DOCUMENTATION_COMMENTS = YES;
				CLANG_WARN_EMPTY_BODY = YES;
				CLANG_WARN_ENUM_CONVERSION = YES;
				CLANG_WARN_INFINITE_RECURSION = YES;
				CLANG_WARN_INT_CONVERSION = YES;
				CLANG_WARN_NON_LITERAL_NULL_CONVERSION = YES;
				CLANG_WARN_OBJC_IMPLICIT_RETAIN_SELF = YES;
				CLANG_WARN_OBJC_LITERAL_CONVERSION = YES;
				CLANG_WARN_OBJC_ROOT_CLASS = YES_ERROR;
				CLANG_WARN_QUOTED_INCLUDE_IN_FRAMEWORK_HEADER = YES;
				CLANG_WARN_RANGE_LOOP_ANALYSIS = YES;
				CLANG_WARN_STRICT_PROTOTYPES = YES;
				CLANG_WARN_SUSPICIOUS_MOVE = YES;
				CLANG_WARN_UNGUARDED_AVAILABILITY = YES_AGGRESSIVE;
				CLANG_WARN_UNREACHABLE_CODE = YES;
				CLANG_WARN__DUPLICATE_METHOD_MATCH = YES;
				COPY_PHASE_STRIP = NO;
				DEBUG_INFORMATION_FORMAT = "dwarf-with-dsym";
				ENABLE_NS_ASSERTIONS = NO;
				ENABLE_STRICT_OBJC_MSGSEND = YES;
				GCC_C_LANGUAGE_STANDARD = gnu11;
				GCC_NO_COMMON_BLOCKS = YES;
				GCC_WARN_64_TO_32_BIT_CONVERSION = YES;
				GCC_WARN_ABOUT_RETURN_TYPE = YES_ERROR;
				GCC_WARN_UNDECLARED_SELECTOR = YES;
				GCC_WARN_UNINITIALIZED_AUTOS = YES_AGGRESSIVE;
				GCC_WARN_UNUSED_FUNCTION = YES;
				GCC_WARN_UNUSED_VARIABLE = YES;
				IPHONEOS_DEPLOYMENT_TARGET = 14.5;
				MTL_ENABLE_DEBUG_INFO = NO;
				MTL_FAST_MATH = YES;
				SDKROOT = iphoneos;
				SWIFT_COMPILATION_MODE = wholemodule;
				SWIFT_OPTIMIZATION_LEVEL = "-O";
				VALIDATE_PRODUCT = YES;
			};
			name = Release;
		};
		21CB3E04268CB27900CA1F1B /* Debug */ = {
			isa = XCBuildConfiguration;
			buildSettings = {
				ASSETCATALOG_COMPILER_APPICON_NAME = AppIcon;
				ASSETCATALOG_COMPILER_GLOBAL_ACCENT_COLOR_NAME = AccentColor;
				CODE_SIGN_STYLE = Automatic;
				DEVELOPMENT_ASSET_PATHS = "Trail\\ Buddy/Preview\\ Content";
				DEVELOPMENT_TEAM = U8L3UEDRCE;
				ENABLE_PREVIEWS = YES;
				INFOPLIST_FILE = "Trail Buddy/Info.plist";
				IPHONEOS_DEPLOYMENT_TARGET = 14.0;
				LD_RUNPATH_SEARCH_PATHS = (
					"$(inherited)",
					"@executable_path/Frameworks",
				);
				PRODUCT_BUNDLE_IDENTIFIER = com.cederache.trailBuddy;
				PRODUCT_NAME = "$(TARGET_NAME)";
				SWIFT_VERSION = 5.0;
				TARGETED_DEVICE_FAMILY = "1,2";
			};
			name = Debug;
		};
		21CB3E05268CB27900CA1F1B /* Release */ = {
			isa = XCBuildConfiguration;
			buildSettings = {
				ASSETCATALOG_COMPILER_APPICON_NAME = AppIcon;
				ASSETCATALOG_COMPILER_GLOBAL_ACCENT_COLOR_NAME = AccentColor;
				CODE_SIGN_STYLE = Automatic;
				DEVELOPMENT_ASSET_PATHS = "Trail\\ Buddy/Preview\\ Content";
				DEVELOPMENT_TEAM = U8L3UEDRCE;
				ENABLE_PREVIEWS = YES;
				INFOPLIST_FILE = "Trail Buddy/Info.plist";
				IPHONEOS_DEPLOYMENT_TARGET = 14.0;
				LD_RUNPATH_SEARCH_PATHS = (
					"$(inherited)",
					"@executable_path/Frameworks",
				);
				PRODUCT_BUNDLE_IDENTIFIER = com.cederache.trailBuddy;
				PRODUCT_NAME = "$(TARGET_NAME)";
				SWIFT_VERSION = 5.0;
				TARGETED_DEVICE_FAMILY = "1,2";
			};
			name = Release;
		};
/* End XCBuildConfiguration section */

/* Begin XCConfigurationList section */
		21CB3DEF268CB27700CA1F1B /* Build configuration list for PBXProject "Trail Buddy" */ = {
			isa = XCConfigurationList;
			buildConfigurations = (
				21CB3E01268CB27900CA1F1B /* Debug */,
				21CB3E02268CB27900CA1F1B /* Release */,
			);
			defaultConfigurationIsVisible = 0;
			defaultConfigurationName = Release;
		};
		21CB3E03268CB27900CA1F1B /* Build configuration list for PBXNativeTarget "Trail Buddy" */ = {
			isa = XCConfigurationList;
			buildConfigurations = (
				21CB3E04268CB27900CA1F1B /* Debug */,
				21CB3E05268CB27900CA1F1B /* Release */,
			);
			defaultConfigurationIsVisible = 0;
			defaultConfigurationName = Release;
		};
/* End XCConfigurationList section */

/* Begin XCRemoteSwiftPackageReference section */
		21EC26F6268CBF3B0025611A /* XCRemoteSwiftPackageReference "realm-cocoa" */ = {
			isa = XCRemoteSwiftPackageReference;
			repositoryURL = "https://github.com/realm/realm-cocoa.git";
			requirement = {
				kind = upToNextMajorVersion;
				minimumVersion = 10.8.1;
			};
		};
		21EC26FB268CBF730025611A /* XCRemoteSwiftPackageReference "sentry-cocoa" */ = {
			isa = XCRemoteSwiftPackageReference;
			repositoryURL = "https://github.com/getsentry/sentry-cocoa.git";
			requirement = {
				kind = upToNextMajorVersion;
				minimumVersion = 7.1.3;
			};
		};
		21EC2710268CC6370025611A /* XCRemoteSwiftPackageReference "Willow" */ = {
			isa = XCRemoteSwiftPackageReference;
			repositoryURL = "https://github.com/Nike-Inc/Willow.git";
			requirement = {
				kind = upToNextMajorVersion;
				minimumVersion = 6.0.0;
			};
		};
/* End XCRemoteSwiftPackageReference section */

/* Begin XCSwiftPackageProductDependency section */
		21EC26F7268CBF3B0025611A /* Realm */ = {
			isa = XCSwiftPackageProductDependency;
			package = 21EC26F6268CBF3B0025611A /* XCRemoteSwiftPackageReference "realm-cocoa" */;
			productName = Realm;
		};
		21EC26F9268CBF3B0025611A /* RealmSwift */ = {
			isa = XCSwiftPackageProductDependency;
			package = 21EC26F6268CBF3B0025611A /* XCRemoteSwiftPackageReference "realm-cocoa" */;
			productName = RealmSwift;
		};
		21EC26FC268CBF740025611A /* Sentry */ = {
			isa = XCSwiftPackageProductDependency;
			package = 21EC26FB268CBF730025611A /* XCRemoteSwiftPackageReference "sentry-cocoa" */;
			productName = Sentry;
		};
		21EC2711268CC6370025611A /* Willow */ = {
			isa = XCSwiftPackageProductDependency;
			package = 21EC2710268CC6370025611A /* XCRemoteSwiftPackageReference "Willow" */;
			productName = Willow;
		};
/* End XCSwiftPackageProductDependency section */
	};
	rootObject = 21CB3DEC268CB27700CA1F1B /* Project object */;
}
